{
  "name": "wallet",
  "lockfileVersion": 3,
  "requires": true,
  "packages": {
    "": {
      "dependencies": {
        "@prisma/client": "^7.5.0",
        "dotenv": "^17.3.1"
      }
    },
    "node_modules/@prisma/client": {
      "version": "7.5.0",
      "resolved": "https://registry.npmjs.org/@prisma/client/-/client-7.5.0.tgz",
      "integrity": "sha512-h4hF9ctp+kSRs7ENHGsFQmHAgHcfkOCxbYt6Ti9Xi8x7D+kP4tTi9x51UKmiTH/OqdyJAO+8V+r+JA5AWdav7w==",
      "license": "Apache-2.0",
      "dependencies": {
        "@prisma/client-runtime-utils": "7.5.0"
      },
      "engines": {
        "node": "^20.19 || ^22.12 || >=24.0"
      },
      "peerDependencies": {
        "prisma": "*",
        "typescript": ">=5.4.0"
      },
      "peerDependenciesMeta": {
        "prisma": {
          "optional": true
        },
        "typescript": {
          "optional": true
        }
      }
    },
    "node_modules/@prisma/client-runtime-utils": {
      "version": "7.5.0",
      "resolved": "https://registry.npmjs.org/@prisma/client-runtime-utils/-/client-runtime-utils-7.5.0.tgz",
      "integrity": "sha512-KnJ2b4Si/pcWEtK68uM+h0h1oh80CZt2suhLTVuLaSKg4n58Q9jBF/A42Kw6Ma+aThy1yAhfDeTC0JvEmeZnFQ==",
      "license": "Apache-2.0"
    },
    "node_modules/dotenv": {
      "version": "17.3.1",
      "resolved": "https://registry.npmjs.org/dotenv/-/dotenv-17.3.1.tgz",
      "integrity": "sha512-IO8C/dzEb6O3F9/twg6ZLXz164a2fhTnEWb95H23Dm4OuN+92NmEAlTrupP9VW6Jm3sO26tQlqyvyi4CsnY9GA==",
      "license": "BSD-2-Clause",
      "engines": {
        "node": ">=12"
      },
      "funding": {
        "url": "https://dotenvx.com"
      }
    }
  }
}
